
Microsoft Visual Studio Solution File, Format Version 12.00
# Visual Studio Version 17
VisualStudioVersion = 17.0.31903.59
MinimumVisualStudioVersion = 10.0.40219.1
Project("{FAE04EC0-301F-11D3-BF4B-00C04F79EFBC}") = "ApiAnimals", "ApiAnimals\ApiAnimals.csproj", "{F4B1C0FD-27DC-486B-B92F-261D6EBB53FC}"
EndProject
Project("{FAE04EC0-301F-11D3-BF4B-00C04F79EFBC}") = "Core", "Core\Core.csproj", "{0E4A8C47-7A9B-497C-9753-4B3D6A3F2A04}"
EndProject
Project("{FAE04EC0-301F-11D3-BF4B-00C04F79EFBC}") = "Infrastructure", "Infrastructure\Infrastructure.csproj", "{6E2D44C2-A1D7-4659-B6AE-7354FE702689}"
EndProject
Global
	GlobalSection(SolutionConfigurationPlatforms) = preSolution
		Debug|Any CPU = Debug|Any CPU
		Release|Any CPU = Release|Any CPU
	EndGlobalSection
	GlobalSection(SolutionProperties) = preSolution
		HideSolutionNode = FALSE
	EndGlobalSection
	GlobalSection(ProjectConfigurationPlatforms) = postSolution
		{F4B1C0FD-27DC-486B-B92F-261D6EBB53FC}.Debug|Any CPU.ActiveCfg = Debug|Any CPU
		{F4B1C0FD-27DC-486B-B92F-261D6EBB53FC}.Debug|Any CPU.Build.0 = Debug|Any CPU
		{F4B1C0FD-27DC-486B-B92F-261D6EBB53FC}.Release|Any CPU.ActiveCfg = Release|Any CPU
		{F4B1C0FD-27DC-486B-B92F-261D6EBB53FC}.Release|Any CPU.Build.0 = Release|Any CPU
		{0E4A8C47-7A9B-497C-9753-4B3D6A3F2A04}.Debug|Any CPU.ActiveCfg = Debug|Any CPU
		{0E4A8C47-7A9B-497C-9753-4B3D6A3F2A04}.Debug|Any CPU.Build.0 = Debug|Any CPU
		{0E4A8C47-7A9B-497C-9753-4B3D6A3F2A04}.Release|Any CPU.ActiveCfg = Release|Any CPU
		{0E4A8C47-7A9B-497C-9753-4B3D6A3F2A04}.Release|Any CPU.Build.0 = Release|Any CPU
		{6E2D44C2-A1D7-4659-B6AE-7354FE702689}.Debug|Any CPU.ActiveCfg = Debug|Any CPU
		{6E2D44C2-A1D7-4659-B6AE-7354FE702689}.Debug|Any CPU.Build.0 = Debug|Any CPU
		{6E2D44C2-A1D7-4659-B6AE-7354FE702689}.Release|Any CPU.ActiveCfg = Release|Any CPU
		{6E2D44C2-A1D7-4659-B6AE-7354FE702689}.Release|Any CPU.Build.0 = Release|Any CPU
	EndGlobalSection
EndGlobal
